
Microsoft Visual Studio Solution File, Format Version 12.00
# Visual Studio Express 2012 for Web
Project("{FAE04EC0-301F-11D3-BF4B-00C04F79EFBC}") = "RazorTour", "RazorTour\RazorTour.csproj", "{176571CF-BBA1-45AF-88C3-7CC30EB7F68A}"
EndProject
Global
	GlobalSection(SolutionConfigurationPlatforms) = preSolution
		Debug|Any CPU = Debug|Any CPU
		Release|Any CPU = Release|Any CPU
	EndGlobalSection
	GlobalSection(ProjectConfigurationPlatforms) = postSolution
		{176571CF-BBA1-45AF-88C3-7CC30EB7F68A}.Debug|Any CPU.ActiveCfg = Debug|Any CPU
		{176571CF-BBA1-45AF-88C3-7CC30EB7F68A}.Debug|Any CPU.Build.0 = Debug|Any CPU
		{176571CF-BBA1-45AF-88C3-7CC30EB7F68A}.Release|Any CPU.ActiveCfg = Release|Any CPU
		{176571CF-BBA1-45AF-88C3-7CC30EB7F68A}.Release|Any CPU.Build.0 = Release|Any CPU
	EndGlobalSection
	GlobalSection(SolutionProperties) = preSolution
		HideSolutionNode = FALSE
	EndGlobalSection
EndGlobal
